Microsoft Visual Studio Solution File, Format Version 12.00
# Visual Studio Version 17
VisualStudioVersion = 17.5.2.0
MinimumVisualStudioVersion = 10.0.40219.1
Project("{FAE04EC0-301F-11D3-BF4B-00C04F79EFBC}") = "aspNetCoreMvc", "aspNetCoreMvc.csproj", "{9FED4798-272F-66FD-7028-A17CD6764487}"
EndProject
Global
	GlobalSection(SolutionConfigurationPlatforms) = preSolution
		Debug|Any CPU = Debug|Any CPU
		Release|Any CPU = Release|Any CPU
	EndGlobalSection
	GlobalSection(ProjectConfigurationPlatforms) = postSolution
		{9FED4798-272F-66FD-7028-A17CD6764487}.Debug|Any CPU.ActiveCfg = Debug|Any CPU
		{9FED4798-272F-66FD-7028-A17CD6764487}.Debug|Any CPU.Build.0 = Debug|Any CPU
		{9FED4798-272F-66FD-7028-A17CD6764487}.Release|Any CPU.ActiveCfg = Release|Any CPU
		{9FED4798-272F-66FD-7028-A17CD6764487}.Release|Any CPU.Build.0 = Release|Any CPU
	EndGlobalSection
	GlobalSection(SolutionProperties) = preSolution
		HideSolutionNode = FALSE
	EndGlobalSection
	GlobalSection(ExtensibilityGlobals) = postSolution
		SolutionGuid = {A5575384-4B14-437E-9175-967CED78CBBB}
	EndGlobalSection
EndGlobal
